lockfileVersion: '9.0'

settings:
  autoInstallPeers: true
  excludeLinksFromLockfile: false

importers:

  .:
    dependencies:
      lil-gui:
        specifier: ^0.21.0
        version: 0.21.0

packages:

  lil-gui@0.21.0:
    resolution: {integrity: sha512-tpvxN7v1GvE/Tv+GRopfOp0W7fVEjF4PltkuX8vOCIfim22rD1ztvfkoEMcv9lzQeuNUSeIrUmUjBwmlW/oUew==}

snapshots:

  lil-gui@0.21.0: {}
